// !$*UTF8*$!
{
	archiveVersion = 1;
	classes = {
	};
	objectVersion = 56;
	objects = {

/* Begin PBXBuildFile section */
		FF384B552A878AA900DE8433 /* AppDelegate.swift in Sources */ = {isa = PBXBuildFile; fileRef = FF384B542A878AA900DE8433 /* AppDelegate.swift */; };
		FF384B572A878AA900DE8433 /* SceneDelegate.swift in Sources */ = {isa = PBXBuildFile; fileRef = FF384B562A878AA900DE8433 /* SceneDelegate.swift */; };
		FF384B592A878AA900DE8433 /* ViewController.swift in Sources */ = {isa = PBXBuildFile; fileRef = FF384B582A878AA900DE8433 /* ViewController.swift */; };
		FF384B5C2A878AA900DE8433 /* Main.storyboard in Resources */ = {isa = PBXBuildFile; fileRef = FF384B5A2A878AA900DE8433 /* Main.storyboard */; };
		FF384B5E2A878AAB00DE8433 /* Assets.xcassets in Resources */ = {isa = PBXBuildFile; fileRef = FF384B5D2A878AAB00DE8433 /* Assets.xcassets */; };
		FF384B612A878AAB00DE8433 /* LaunchScreen.storyboard in Resources */ = {isa = PBXBuildFile; fileRef = FF384B5F2A878AAB00DE8433 /* LaunchScreen.storyboard */; };
		FF384B712A8793A100DE8433 /* FilterType.swift in Sources */ = {isa = PBXBuildFile; fileRef = FF384B702A8793A100DE8433 /* FilterType.swift */; };
		FF384B732A87945200DE8433 /* FilterViewModel.swift in Sources */ = {isa = PBXBuildFile; fileRef = FF384B722A87945200DE8433 /* FilterViewModel.swift */; };
		FF384B752A8799AE00DE8433 /* gaussianBlur.metal in Sources */ = {isa = PBXBuildFile; fileRef = FF384B742A8799AE00DE8433 /* gaussianBlur.metal */; };
		FF384B772A8799E900DE8433 /* FilterViewController.swift in Sources */ = {isa = PBXBuildFile; fileRef = FF384B762A8799E900DE8433 /* FilterViewController.swift */; };
/* End PBXBuildFile section */

/* Begin PBXFileReference section */
		FF384B512A878AA900DE8433 /* Apply Filter Assignment.app */ = {isa = PBXFileReference; explicitFileType = wrapper.application; includeInIndex = 0; path = "Apply Filter Assignment.app"; sourceTree = BUILT_PRODUCTS_DIR; };
		FF384B542A878AA900DE8433 /* AppDelegate.swift */ = {isa = PBXFileReference; lastKnownFileType = sourcecode.swift; path = AppDelegate.swift; sourceTree = "<group>"; };
		FF384B562A878AA900DE8433 /* SceneDelegate.swift */ = {isa = PBXFileReference; lastKnownFileType = sourcecode.swift; path = SceneDelegate.swift; sourceTree = "<group>"; };
		FF384B582A878AA900DE8433 /* ViewController.swift */ = {isa = PBXFileReference; lastKnownFileType = sourcecode.swift; path = ViewController.swift; sourceTree = "<group>"; };
		FF384B5B2A878AA900DE8433 /* Base */ = {isa = PBXFileReference; lastKnownFileType = file.storyboard; name = Base; path = Base.lproj/Main.storyboard; sourceTree = "<group>"; };
		FF384B5D2A878AAB00DE8433 /* Assets.xcassets */ = {isa = PBXFileReference; lastKnownFileType = folder.assetcatalog; path = Assets.xcassets; sourceTree = "<group>"; };
		FF384B602A878AAB00DE8433 /* Base */ = {isa = PBXFileReference; lastKnownFileType = file.storyboard; name = Base; path = Base.lproj/LaunchScreen.storyboard; sourceTree = "<group>"; };
		FF384B622A878AAB00DE8433 /* Info.plist */ = {isa = PBXFileReference; lastKnownFileType = text.plist.xml; path = Info.plist; sourceTree = "<group>"; };
		FF384B702A8793A100DE8433 /* FilterType.swift */ = {isa = PBXFileReference; lastKnownFileType = sourcecode.swift; path = FilterType.swift; sourceTree = "<group>"; };
		FF384B722A87945200DE8433 /* FilterViewModel.swift */ = {isa = PBXFileReference; lastKnownFileType = sourcecode.swift; path = FilterViewModel.swift; sourceTree = "<group>"; };
		FF384B742A8799AE00DE8433 /* gaussianBlur.metal */ = {isa = PBXFileReference; lastKnownFileType = sourcecode.metal; path = gaussianBlur.metal; sourceTree = "<group>"; };
		FF384B762A8799E900DE8433 /* FilterViewController.swift */ = {isa = PBXFileReference; lastKnownFileType = sourcecode.swift; path = FilterViewController.swift; sourceTree = "<group>"; };
/* End PBXFileReference section */

/* Begin PBXFrameworksBuildPhase section */
		FF384B4E2A878AA900DE8433 /* Frameworks */ = {
			isa = PBXFrameworksBuildPhase;
			buildActionMask = 2147483647;
			files = (
			);
			runOnlyForDeploymentPostprocessing = 0;
		};
/* End PBXFrameworksBuildPhase section */

/* Begin PBXGroup section */
		FF384B482A878AA900DE8433 = {
			isa = PBXGroup;
			children = (
				FF384B532A878AA900DE8433 /* Apply Filter Assignment */,
				FF384B522A878AA900DE8433 /* Products */,
			);
			sourceTree = "<group>";
		};
		FF384B522A878AA900DE8433 /* Products */ = {
			isa = PBXGroup;
			children = (
				FF384B512A878AA900DE8433 /* Apply Filter Assignment.app */,
			);
			name = Products;
			sourceTree = "<group>";
		};
		FF384B532A878AA900DE8433 /* Apply Filter Assignment */ = {
			isa = PBXGroup;
			children = (
				FF384B6D2A878C4400DE8433 /* Models */,
				FF384B6C2A878C3F00DE8433 /* ViewModels */,
				FF384B6B2A878C3900DE8433 /* Views */,
				FF384B6A2A878B3D00DE8433 /* Shaders */,
				FF384B692A878B3000DE8433 /* Resources */,
				FF384B682A878B1F00DE8433 /* Supporting Files */,
				FF384B582A878AA900DE8433 /* ViewController.swift */,
				FF384B5A2A878AA900DE8433 /* Main.storyboard */,
				FF384B5F2A878AAB00DE8433 /* LaunchScreen.storyboard */,
				FF384B622A878AAB00DE8433 /* Info.plist */,
			);
			path = "Apply Filter Assignment";
			sourceTree = "<group>";
		};
		FF384B682A878B1F00DE8433 /* Supporting Files */ = {
			isa = PBXGroup;
			children = (
				FF384B542A878AA900DE8433 /* AppDelegate.swift */,
				FF384B562A878AA900DE8433 /* SceneDelegate.swift */,
			);
			path = "Supporting Files";
			sourceTree = "<group>";
		};
		FF384B692A878B3000DE8433 /* Resources */ = {
			isa = PBXGroup;
			children = (
				FF384B5D2A878AAB00DE8433 /* Assets.xcassets */,
			);
			path = Resources;
			sourceTree = "<group>";
		};
		FF384B6A2A878B3D00DE8433 /* Shaders */ = {
			isa = PBXGroup;
			children = (
				FF384B742A8799AE00DE8433 /* gaussianBlur.metal */,
			);
			path = Shaders;
			sourceTree = "<group>";
		};
		FF384B6B2A878C3900DE8433 /* Views */ = {
			isa = PBXGroup;
			children = (
				FF384B762A8799E900DE8433 /* FilterViewController.swift */,
			);
			path = Views;
			sourceTree = "<group>";
		};
		FF384B6C2A878C3F00DE8433 /* ViewModels */ = {
			isa = PBXGroup;
			children = (
				FF384B722A87945200DE8433 /* FilterViewModel.swift */,
			);
			path = ViewModels;
			sourceTree = "<group>";
		};
		FF384B6D2A878C4400DE8433 /* Models */ = {
			isa = PBXGroup;
			children = (
				FF384B702A8793A100DE8433 /* FilterType.swift */,
			);
			path = Models;
			sourceTree = "<group>";
		};
/* End PBXGroup section */

/* Begin PBXNativeTarget section */
		FF384B502A878AA900DE8433 /* Apply Filter Assignment */ = {
			isa = PBXNativeTarget;
			buildConfigurationList = FF384B652A878AAB00DE8433 /* Build configuration list for PBXNativeTarget "Apply Filter Assignment" */;
			buildPhases = (
				FF384B4D2A878AA900DE8433 /* Sources */,
				FF384B4E2A878AA900DE8433 /* Frameworks */,
				FF384B4F2A878AA900DE8433 /* Resources */,
			);
			buildRules = (
			);
			dependencies = (
			);
			name = "Apply Filter Assignment";
			productName = "Apply Filter Assignment";
			productReference = FF384B512A878AA900DE8433 /* Apply Filter Assignment.app */;
			productType = "com.apple.product-type.application";
		};
/* End PBXNativeTarget section */

/* Begin PBXProject section */
		FF384B492A878AA900DE8433 /* Project object */ = {
			isa = PBXProject;
			attributes = {
				BuildIndependentTargetsInParallel = 1;
				LastSwiftUpdateCheck = 1420;
				LastUpgradeCheck = 1420;
				TargetAttributes = {
					FF384B502A878AA900DE8433 = {
						CreatedOnToolsVersion = 14.2;
					};
				};
			};
			buildConfigurationList = FF384B4C2A878AA900DE8433 /* Build configuration list for PBXProject "Apply Filter Assignment" */;
			compatibilityVersion = "Xcode 14.0";
			developmentRegion = en;
			hasScannedForEncodings = 0;
			knownRegions = (
				en,
				Base,
			);
			mainGroup = FF384B482A878AA900DE8433;
			productRefGroup = FF384B522A878AA900DE8433 /* Products */;
			projectDirPath = "";
			projectRoot = "";
			targets = (
				FF384B502A878AA900DE8433 /* Apply Filter Assignment */,
			);
		};
/* End PBXProject section */

/* Begin PBXResourcesBuildPhase section */
		FF384B4F2A878AA900DE8433 /* Resources */ = {
			isa = PBXResourcesBuildPhase;
			buildActionMask = 2147483647;
			files = (
				FF384B612A878AAB00DE8433 /* LaunchScreen.storyboard in Resources */,
				FF384B5E2A878AAB00DE8433 /* Assets.xcassets in Resources */,
				FF384B5C2A878AA900DE8433 /* Main.storyboard in Resources */,
			);
			runOnlyForDeploymentPostprocessing = 0;
		};
/* End PBXResourcesBuildPhase section */

/* Begin PBXSourcesBuildPhase section */
		FF384B4D2A878AA900DE8433 /* Sources */ = {
			isa = PBXSourcesBuildPhase;
			buildActionMask = 2147483647;
			files = (
				FF384B772A8799E900DE8433 /* FilterViewController.swift in Sources */,
				FF384B592A878AA900DE8433 /* ViewController.swift in Sources */,
				FF384B552A878AA900DE8433 /* AppDelegate.swift in Sources */,
				FF384B732A87945200DE8433 /* FilterViewModel.swift in Sources */,
				FF384B572A878AA900DE8433 /* SceneDelegate.swift in Sources */,
				FF384B712A8793A100DE8433 /* FilterType.swift in Sources */,
				FF384B752A8799AE00DE8433 /* gaussianBlur.metal in Sources */,
			);
			runOnlyForDeploymentPostprocessing = 0;
		};
/* End PBXSourcesBuildPhase section */

/* Begin PBXVariantGroup section */
		FF384B5A2A878AA900DE8433 /* Main.storyboard */ = {
			isa = PBXVariantGroup;
			children = (
				FF384B5B2A878AA900DE8433 /* Base */,
			);
			name = Main.storyboard;
			sourceTree = "<group>";
		};
		FF384B5F2A878AAB00DE8433 /* LaunchScreen.storyboard */ = {
			isa = PBXVariantGroup;
			children = (
				FF384B602A878AAB00DE8433 /* Base */,
			);
			name = LaunchScreen.storyboard;
			sourceTree = "<group>";
		};
/* End PBXVariantGroup section */

/* Begin XCBuildConfiguration section */
		FF384B632A878AAB00DE8433 /* Debug */ = {
			isa = XCBuildConfiguration;
			buildSettings = {
				ALWAYS_SEARCH_USER_PATHS = NO;
				CLANG_ANALYZER_NONNULL = YES;
				CLANG_ANALYZER_NUMBER_OBJECT_CONVERSION = YES_AGGRESSIVE;
				CLANG_CXX_LANGUAGE_STANDARD = "gnu++20";
				CLANG_ENABLE_MODULES = YES;
				CLANG_ENABLE_OBJC_ARC = YES;
				CLANG_ENABLE_OBJC_WEAK = YES;
				CLANG_WARN_BLOCK_CAPTURE_AUTORELEASING = YES;
				CLANG_WARN_BOOL_CONVERSION = YES;
				CLANG_WARN_COMMA = YES;
				CLANG_WARN_CONSTANT_CONVERSION = YES;
				CLANG_WARN_DEPRECATED_OBJC_IMPLEMENTATIONS = YES;
				CLANG_WARN_DIRECT_OBJC_ISA_USAGE = YES_ERROR;
				CLANG_WARN_DOCUMENTATION_COMMENTS = YES;
				CLANG_WARN_EMPTY_BODY = YES;
				CLANG_WARN_ENUM_CONVERSION = YES;
				CLANG_WARN_INFINITE_RECURSION = YES;
				CLANG_WARN_INT_CONVERSION = YES;
				CLANG_WARN_NON_LITERAL_NULL_CONVERSION = YES;
				CLANG_WARN_OBJC_IMPLICIT_RETAIN_SELF = YES;
				CLANG_WARN_OBJC_LITERAL_CONVERSION = YES;
				CLANG_WARN_OBJC_ROOT_CLASS = YES_ERROR;
				CLANG_WARN_QUOTED_INCLUDE_IN_FRAMEWORK_HEADER = YES;
				CLANG_WARN_RANGE_LOOP_ANALYSIS = YES;
				CLANG_WARN_STRICT_PROTOTYPES = YES;
				CLANG_WARN_SUSPICIOUS_MOVE = YES;
				CLANG_WARN_UNGUARDED_AVAILABILITY = YES_AGGRESSIVE;
				CLANG_WARN_UNREACHABLE_CODE = YES;
				CLANG_WARN__DUPLICATE_METHOD_MATCH = YES;
				COPY_PHASE_STRIP = NO;
				DEBUG_INFORMATION_FORMAT = dwarf;
				ENABLE_STRICT_OBJC_MSGSEND = YES;
				ENABLE_TESTABILITY = YES;
				GCC_C_LANGUAGE_STANDARD = gnu11;
				GCC_DYNAMIC_NO_PIC = NO;
				GCC_NO_COMMON_BLOCKS = YES;
				GCC_OPTIMIZATION_LEVEL = 0;
				GCC_PREPROCESSOR_DEFINITIONS = (
					"DEBUG=1",
					"$(inherited)",
				);
				GCC_WARN_64_TO_32_BIT_CONVERSION = YES;
				GCC_WARN_ABOUT_RETURN_TYPE = YES_ERROR;
				GCC_WARN_UNDECLARED_SELECTOR = YES;
				GCC_WARN_UNINITIALIZED_AUTOS = YES_AGGRESSIVE;
				GCC_WARN_UNUSED_FUNCTION = YES;
				GCC_WARN_UNUSED_VARIABLE = YES;
				IPHONEOS_DEPLOYMENT_TARGET = 16.2;
				MTL_ENABLE_DEBUG_INFO = INCLUDE_SOURCE;
				MTL_FAST_MATH = YES;
				ONLY_ACTIVE_ARCH = YES;
				SDKROOT = iphoneos;
				SWIFT_ACTIVE_COMPILATION_CONDITIONS = DEBUG;
				SWIFT_OPTIMIZATION_LEVEL = "-Onone";
			};
			name = Debug;
		};
		FF384B642A878AAB00DE8433 /* Release */ = {
			isa = XCBuildConfiguration;
			buildSettings = {
				ALWAYS_SEARCH_USER_PATHS = NO;
				CLANG_ANALYZER_NONNULL = YES;
				CLANG_ANALYZER_NUMBER_OBJECT_CONVERSION = YES_AGGRESSIVE;
				CLANG_CXX_LANGUAGE_STANDARD = "gnu++20";
				CLANG_ENABLE_MODULES = YES;
				CLANG_ENABLE_OBJC_ARC = YES;
				CLANG_ENABLE_OBJC_WEAK = YES;
				CLANG_WARN_BLOCK_CAPTURE_AUTORELEASING = YES;
				CLANG_WARN_BOOL_CONVERSION = YES;
				CLANG_WARN_COMMA = YES;
				CLANG_WARN_CONSTANT_CONVERSION = YES;
				CLANG_WARN_DEPRECATED_OBJC_IMPLEMENTATIONS = YES;
				CLANG_WARN_DIRECT_OBJC_ISA_USAGE = YES_ERROR;
				CLANG_WARN_DOCUMENTATION_COMMENTS = YES;
				CLANG_WARN_EMPTY_BODY = YES;
				CLANG_WARN_ENUM_CONVERSION = YES;
				CLANG_WARN_INFINITE_RECURSION = YES;
				CLANG_WARN_INT_CONVERSION = YES;
				CLANG_WARN_NON_LITERAL_NULL_CONVERSION = YES;
				CLANG_WARN_OBJC_IMPLICIT_RETAIN_SELF = YES;
				CLANG_WARN_OBJC_LITERAL_CONVERSION = YES;
				CLANG_WARN_OBJC_ROOT_CLASS = YES_ERROR;
				CLANG_WARN_QUOTED_INCLUDE_IN_FRAMEWORK_HEADER = YES;
				CLANG_WARN_RANGE_LOOP_ANALYSIS = YES;
				CLANG_WARN_STRICT_PROTOTYPES = YES;
				CLANG_WARN_SUSPICIOUS_MOVE = YES;
				CLANG_WARN_UNGUARDED_AVAILABILITY = YES_AGGRESSIVE;
				CLANG_WARN_UNREACHABLE_CODE = YES;
				CLANG_WARN__DUPLICATE_METHOD_MATCH = YES;
				COPY_PHASE_STRIP = NO;
				DEBUG_INFORMATION_FORMAT = "dwarf-with-dsym";
				ENABLE_NS_ASSERTIONS = NO;
				ENABLE_STRICT_OBJC_MSGSEND = YES;
				GCC_C_LANGUAGE_STANDARD = gnu11;
				GCC_NO_COMMON_BLOCKS = YES;
				GCC_WARN_64_TO_32_BIT_CONVERSION = YES;
				GCC_WARN_ABOUT_RETURN_TYPE = YES_ERROR;
				GCC_WARN_UNDECLARED_SELECTOR = YES;
				GCC_WARN_UNINITIALIZED_AUTOS = YES_AGGRESSIVE;
				GCC_WARN_UNUSED_FUNCTION = YES;
				GCC_WARN_UNUSED_VARIABLE = YES;
				IPHONEOS_DEPLOYMENT_TARGET = 16.2;
				MTL_ENABLE_DEBUG_INFO = NO;
				MTL_FAST_MATH = YES;
				SDKROOT = iphoneos;
				SWIFT_COMPILATION_MODE = wholemodule;
				SWIFT_OPTIMIZATION_LEVEL = "-O";
				VALIDATE_PRODUCT = YES;
			};
			name = Release;
		};
		FF384B662A878AAB00DE8433 /* Debug */ = {
			isa = XCBuildConfiguration;
			buildSettings = {
				ASSETCATALOG_COMPILER_APPICON_NAME = AppIcon;
				ASSETCATALOG_COMPILER_GLOBAL_ACCENT_COLOR_NAME = AccentColor;
				CODE_SIGN_STYLE = Automatic;
				CURRENT_PROJECT_VERSION = 1;
				DEVELOPMENT_TEAM = X2RD7CMC4B;
				GENERATE_INFOPLIST_FILE = YES;
				INFOPLIST_FILE = "Apply Filter Assignment/Info.plist";
				INFOPLIST_KEY_UIApplicationSupportsIndirectInputEvents = YES;
				INFOPLIST_KEY_UILaunchStoryboardName = LaunchScreen;
				INFOPLIST_KEY_UIMainStoryboardFile = Main;
				INFOPLIST_KEY_UISupportedInterfaceOrientations_iPad = "UIInterfaceOrientationPortrait UIInterfaceOrientationPortraitUpsideDown UIInterfaceOrientationLandscapeLeft UIInterfaceOrientationLandscapeRight";
				INFOPLIST_KEY_UISupportedInterfaceOrientations_iPhone = "UIInterfaceOrientationPortrait UIInterfaceOrientationLandscapeLeft UIInterfaceOrientationLandscapeRight";
				LD_RUNPATH_SEARCH_PATHS = (
					"$(inherited)",
					"@executable_path/Frameworks",
				);
				MARKETING_VERSION = 1.0;
				PRODUCT_BUNDLE_IDENTIFIER = "com.test.bag.Apply-Filter-Assignment";
				PRODUCT_NAME = "$(TARGET_NAME)";
				SWIFT_EMIT_LOC_STRINGS = YES;
				SWIFT_VERSION = 5.0;
				TARGETED_DEVICE_FAMILY = "1,2";
			};
			name = Debug;
		};
		FF384B672A878AAB00DE8433 /* Release */ = {
			isa = XCBuildConfiguration;
			buildSettings = {
				ASSETCATALOG_COMPILER_APPICON_NAME = AppIcon;
				ASSETCATALOG_COMPILER_GLOBAL_ACCENT_COLOR_NAME = AccentColor;
				CODE_SIGN_STYLE = Automatic;
				CURRENT_PROJECT_VERSION = 1;
				DEVELOPMENT_TEAM = X2RD7CMC4B;
				GENERATE_INFOPLIST_FILE = YES;
				INFOPLIST_FILE = "Apply Filter Assignment/Info.plist";
				INFOPLIST_KEY_UIApplicationSupportsIndirectInputEvents = YES;
				INFOPLIST_KEY_UILaunchStoryboardName = LaunchScreen;
				INFOPLIST_KEY_UIMainStoryboardFile = Main;
				INFOPLIST_KEY_UISupportedInterfaceOrientations_iPad = "UIInterfaceOrientationPortrait UIInterfaceOrientationPortraitUpsideDown UIInterfaceOrientationLandscapeLeft UIInterfaceOrientationLandscapeRight";
				INFOPLIST_KEY_UISupportedInterfaceOrientations_iPhone = "UIInterfaceOrientationPortrait UIInterfaceOrientationLandscapeLeft UIInterfaceOrientationLandscapeRight";
				LD_RUNPATH_SEARCH_PATHS = (
					"$(inherited)",
					"@executable_path/Frameworks",
				);
				MARKETING_VERSION = 1.0;
				PRODUCT_BUNDLE_IDENTIFIER = "com.test.bag.Apply-Filter-Assignment";
				PRODUCT_NAME = "$(TARGET_NAME)";
				SWIFT_EMIT_LOC_STRINGS = YES;
				SWIFT_VERSION = 5.0;
				TARGETED_DEVICE_FAMILY = "1,2";
			};
			name = Release;
		};
/* End XCBuildConfiguration section */

/* Begin XCConfigurationList section */
		FF384B4C2A878AA900DE8433 /* Build configuration list for PBXProject "Apply Filter Assignment" */ = {
			isa = XCConfigurationList;
			buildConfigurations = (
				FF384B632A878AAB00DE8433 /* Debug */,
				FF384B642A878AAB00DE8433 /* Release */,
			);
			defaultConfigurationIsVisible = 0;
			defaultConfigurationName = Release;
		};
		FF384B652A878AAB00DE8433 /* Build configuration list for PBXNativeTarget "Apply Filter Assignment" */ = {
			isa = XCConfigurationList;
			buildConfigurations = (
				FF384B662A878AAB00DE8433 /* Debug */,
				FF384B672A878AAB00DE8433 /* Release */,
			);
			defaultConfigurationIsVisible = 0;
			defaultConfigurationName = Release;
		};
/* End XCConfigurationList section */
	};
	rootObject = FF384B492A878AA900DE8433 /* Project object */;
}
